lockfileVersion: '6.0'

settings:
  autoInstallPeers: true
  excludeLinksFromLockfile: false

dependencies:
  '@ai-sdk/google':
    specifier: ^0.0.39
    version: 0.0.39(zod@3.23.8)
  '@ai-sdk/openai':
    specifier: ^0.0.48
    version: 0.0.48(zod@3.23.8)
  '@prisma/client':
    specifier: 5.18.0
    version: 5.18.0(prisma@5.18.0)
  ai:
    specifier: ^3.3.9
    version: 3.3.9(react@18.3.1)(svelte@4.2.18)(vue@3.4.38)(zod@3.23.8)
  chalk:
    specifier: ^5.3.0
    version: 5.3.0
  terminal-i2:
    specifier: 1.0.2-beta
    version: 1.0.2-beta

devDependencies:
  '@types/node':
    specifier: ^22.4.0
    version: 22.4.0
  prisma:
    specifier: ^5.18.0
    version: 5.18.0
  ts-node:
    specifier: ^10.9.2
    version: 10.9.2(@types/node@22.4.0)(typescript@5.5.4)
  tsc-alias:
    specifier: ^1.8.10
    version: 1.8.10
  typescript:
    specifier: ^5.5.4
    version: 5.5.4

packages:

  /@ai-sdk/google@0.0.39(zod@3.23.8):
    resolution: {integrity: sha512-++IRoxi37DaqxGv5+zFwYFc4v9UT2r5Ac4d66kxjiQ1Gj5ACYWzaLzPrJJuBOhlO8Y8f20Lx3kNR5bPb0LkU8w==}
    engines: {node: '>=18'}
    peerDependencies:
      zod: ^3.0.0
    dependencies:
      '@ai-sdk/provider': 0.0.20
      '@ai-sdk/provider-utils': 1.0.13(zod@3.23.8)
      zod: 3.23.8
    dev: false

  /@ai-sdk/openai@0.0.48(zod@3.23.8):
    resolution: {integrity: sha512-buw9cT/55VGjvtcNvQGDljHQMan8C3/D1UvkcpY8XPfnimffrjAQa66fXldahhFQM20didNJawh0vlTM1MvRDw==}
    engines: {node: '>=18'}
    peerDependencies:
      zod: ^3.0.0
    dependencies:
      '@ai-sdk/provider': 0.0.20
      '@ai-sdk/provider-utils': 1.0.13(zod@3.23.8)
      zod: 3.23.8
    dev: false

  /@ai-sdk/provider-utils@1.0.13(zod@3.23.8):
    resolution: {integrity: sha512-NDQUUBDQoWk9aGn2pOA5wiM5CdO57KeYTEph7PpKGEU8IyqI0d+CiYKISOia6Omy17d+Dw/ZM6KP98F89BGJ5A==}
    engines: {node: '>=18'}
    peerDependencies:
      zod: ^3.0.0
    peerDependenciesMeta:
      zod:
        optional: true
    dependencies:
      '@ai-sdk/provider': 0.0.20
      eventsource-parser: 1.1.2
      nanoid: 3.3.6
      secure-json-parse: 2.7.0
      zod: 3.23.8
    dev: false

  /@ai-sdk/provider@0.0.20:
    resolution: {integrity: sha512-nCQZRUTi/+y+kf1ep9rujpbQEtsIwySzlQAudiFeVhzzDi9rYvWp5tOSVu8/ArT+i1xSc2tw40akxb1TX73ofQ==}
    engines: {node: '>=18'}
    dependencies:
      json-schema: 0.4.0
    dev: false

  /@ai-sdk/react@0.0.45(react@18.3.1)(zod@3.23.8):
    resolution: {integrity: sha512-rPsjHtJ+qsWoRV88xzEpvPXhqRBF2wljGjWrsFcao4p48hKwZkuhW/zzpxZj3A4ZPy6jpDHRTYtqMuPHVpc9Eg==}
    engines: {node: '>=18'}
    peerDependencies:
      react: ^18 || ^19
      zod: ^3.0.0
    peerDependenciesMeta:
      react:
        optional: true
      zod:
        optional: true
    dependencies:
      '@ai-sdk/provider-utils': 1.0.13(zod@3.23.8)
      '@ai-sdk/ui-utils': 0.0.33(zod@3.23.8)
      react: 18.3.1
      swr: 2.2.5(react@18.3.1)
      zod: 3.23.8
    dev: false

  /@ai-sdk/solid@0.0.36(zod@3.23.8):
    resolution: {integrity: sha512-pm57goMQczSpPTNrUrwbab5BybZYofBRZ10UkTi2KgJP5i+S/sGHSh/xtgZz+xNpUt42pk8aYvOiNDN1ppjkDA==}
    engines: {node: '>=18'}
    peerDependencies:
      solid-js: ^1.7.7
    peerDependenciesMeta:
      solid-js:
        optional: true
    dependencies:
      '@ai-sdk/provider-utils': 1.0.13(zod@3.23.8)
      '@ai-sdk/ui-utils': 0.0.33(zod@3.23.8)
    transitivePeerDependencies:
      - zod
    dev: false

  /@ai-sdk/svelte@0.0.38(svelte@4.2.18)(zod@3.23.8):
    resolution: {integrity: sha512-sTNkxzhS1B0TDdVWZR6yXG+3qQGYAxMwcEKzMVjm1VdpGlZits1PxF39aVvPldaWM8QB4MrVE+H5b5dTA43D0Q==}
    engines: {node: '>=18'}
    peerDependencies:
      svelte: ^3.0.0 || ^4.0.0
    peerDependenciesMeta:
      svelte:
        optional: true
    dependencies:
      '@ai-sdk/provider-utils': 1.0.13(zod@3.23.8)
      '@ai-sdk/ui-utils': 0.0.33(zod@3.23.8)
      sswr: 2.1.0(svelte@4.2.18)
      svelte: 4.2.18
    transitivePeerDependencies:
      - zod
    dev: false

  /@ai-sdk/ui-utils@0.0.33(zod@3.23.8):
    resolution: {integrity: sha512-2oZjZzZG3AGQihO1d3mWqgFuywTtjBtkUEeE7d8nicw3QQv9m1MwrbQqRhhKbbBetBke6V9o5FQ5wngmb/+3iw==}
    engines: {node: '>=18'}
    peerDependencies:
      zod: ^3.0.0
    peerDependenciesMeta:
      zod:
        optional: true
    dependencies:
      '@ai-sdk/provider': 0.0.20
      '@ai-sdk/provider-utils': 1.0.13(zod@3.23.8)
      json-schema: 0.4.0
      secure-json-parse: 2.7.0
      zod: 3.23.8
      zod-to-json-schema: 3.22.5(zod@3.23.8)
    dev: false

  /@ai-sdk/vue@0.0.37(vue@3.4.38)(zod@3.23.8):
    resolution: {integrity: sha512-m7dMi6qRoWPuru9TyWUm5jXAPGSDb1SHZp/Q+uYjhNY1dZwgsZxJvSeakogzR37uhiRCg3Kg8fCypQJe+dikPA==}
    engines: {node: '>=18'}
    peerDependencies:
      vue: ^3.3.4
    peerDependenciesMeta:
      vue:
        optional: true
    dependencies:
      '@ai-sdk/provider-utils': 1.0.13(zod@3.23.8)
      '@ai-sdk/ui-utils': 0.0.33(zod@3.23.8)
      swrv: 1.0.4(vue@3.4.38)
      vue: 3.4.38(typescript@5.5.4)
    transitivePeerDependencies:
      - zod
    dev: false

  /@ampproject/remapping@2.3.0:
    resolution: {integrity: sha512-30iZtAPgz+LTIYoeivqYo853f02jBYSd5uGnGpkFV0M3xOt9aN73erkgYAmZU43x4VfqcnLxW9Kpg3R5LC4YYw==}
    engines: {node: '>=6.0.0'}
    dependencies:
      '@jridgewell/gen-mapping': 0.3.5
      '@jridgewell/trace-mapping': 0.3.25
    dev: false

  /@babel/helper-string-parser@7.24.8:
    resolution: {integrity: sha512-pO9KhhRcuUyGnJWwyEgnRJTSIZHiT+vMD0kPeD+so0l7mxkMT19g3pjY9GTnHySck/hDzq+dtW/4VgnMkippsQ==}
    engines: {node: '>=6.9.0'}
    dev: false

  /@babel/helper-validator-identifier@7.24.7:
    resolution: {integrity: sha512-rR+PBcQ1SMQDDyF6X0wxtG8QyLCgUB0eRAGguqRLfkCA87l7yAP7ehq8SNj96OOGTO8OBV70KhuFYcIkHXOg0w==}
    engines: {node: '>=6.9.0'}
    dev: false

  /@babel/parser@7.25.3:
    resolution: {integrity: sha512-iLTJKDbJ4hMvFPgQwwsVoxtHyWpKKPBrxkANrSYewDPaPpT5py5yeVkgPIJ7XYXhndxJpaA3PyALSXQ7u8e/Dw==}
    engines: {node: '>=6.0.0'}
    hasBin: true
    dependencies:
      '@babel/types': 7.25.2
    dev: false

  /@babel/types@7.25.2:
    resolution: {integrity: sha512-YTnYtra7W9e6/oAZEHj0bJehPRUlLH9/fbpT5LfB0NhQXyALCRkRs3zH9v07IYhkgpqX6Z78FnuccZr/l4Fs4Q==}
    engines: {node: '>=6.9.0'}
    dependencies:
      '@babel/helper-string-parser': 7.24.8
      '@babel/helper-validator-identifier': 7.24.7
      to-fast-properties: 2.0.0
    dev: false

  /@cspotcode/source-map-support@0.8.1:
    resolution: {integrity: sha512-IchNf6dN4tHoMFIn/7OE8LWZ19Y6q/67Bmf6vnGREv8RSbBVb9LPJxEcnwrcwX6ixSvaiGoomAUvu4YSxXrVgw==}
    engines: {node: '>=12'}
    dependencies:
      '@jridgewell/trace-mapping': 0.3.9
    dev: true

  /@jridgewell/gen-mapping@0.3.5:
    resolution: {integrity: sha512-IzL8ZoEDIBRWEzlCcRhOaCupYyN5gdIK+Q6fbFdPDg6HqX6jpkItn7DFIpW9LQzXG6Df9sA7+OKnq0qlz/GaQg==}
    engines: {node: '>=6.0.0'}
    dependencies:
      '@jridgewell/set-array': 1.2.1
      '@jridgewell/sourcemap-codec': 1.5.0
      '@jridgewell/trace-mapping': 0.3.25
    dev: false

  /@jridgewell/resolve-uri@3.1.2:
    resolution: {integrity: sha512-bRISgCIjP20/tbWSPWMEi54QVPRZExkuD9lJL+UIxUKtwVJA8wW1Trb1jMs1RFXo1CBTNZ/5hpC9QvmKWdopKw==}
    engines: {node: '>=6.0.0'}

  /@jridgewell/set-array@1.2.1:
    resolution: {integrity: sha512-R8gLRTZeyp03ymzP/6Lil/28tGeGEzhx1q2k703KGWRAI1VdvPIXdG70VJc2pAMw3NA6JKL5hhFu1sJX0Mnn/A==}
    engines: {node: '>=6.0.0'}
    dev: false

  /@jridgewell/sourcemap-codec@1.5.0:
    resolution: {integrity: sha512-gv3ZRaISU3fjPAgNsriBRqGWQL6quFx04YMPW/zD8XMLsU32mhCCbfbO6KZFLjvYpCZ8zyDEgqsgf+PwPaM7GQ==}

  /@jridgewell/trace-mapping@0.3.25:
    resolution: {integrity: sha512-vNk6aEwybGtawWmy/PzwnGDOjCkLWSD2wqvjGGAgOAwCGWySYXfYoxt00IJkTF+8Lb57DwOb3Aa0o9CApepiYQ==}
    dependencies:
      '@jridgewell/resolve-uri': 3.1.2
      '@jridgewell/sourcemap-codec': 1.5.0
    dev: false

  /@jridgewell/trace-mapping@0.3.9:
    resolution: {integrity: sha512-3Belt6tdc8bPgAtbcmdtNJlirVoTmEb5e2gC94PnkwEW9jI6CAHUeoG85tjWP5WquqfavoMtMwiG4P926ZKKuQ==}
    dependencies:
      '@jridgewell/resolve-uri': 3.1.2
      '@jridgewell/sourcemap-codec': 1.5.0
    dev: true

  /@nodelib/fs.scandir@2.1.5:
    resolution: {integrity: sha512-vq24Bq3ym5HEQm2NKCr3yXDwjc7vTsEThRDnkp2DK9p1uqLR+DHurm/NOTo0KG7HYHU7eppKZj3MyqYuMBf62g==}
    engines: {node: '>= 8'}
    dependencies:
      '@nodelib/fs.stat': 2.0.5
      run-parallel: 1.2.0
    dev: true

  /@nodelib/fs.stat@2.0.5:
    resolution: {integrity: sha512-RkhPPp2zrqDAQA/2jNhnztcPAlv64XdhIp7a7454A5ovI7Bukxgt7MX7udwAu3zg1DcpPU0rz3VV1SeaqvY4+A==}
    engines: {node: '>= 8'}
    dev: true

  /@nodelib/fs.walk@1.2.8:
    resolution: {integrity: sha512-oGB+UxlgWcgQkgwo8GcEGwemoTFt3FIO9ababBmaGwXIoBKZ+GTy0pP185beGg7Llih/NSHSV2XAs1lnznocSg==}
    engines: {node: '>= 8'}
    dependencies:
      '@nodelib/fs.scandir': 2.1.5
      fastq: 1.17.1
    dev: true

  /@opentelemetry/api@1.9.0:
    resolution: {integrity: sha512-3giAOQvZiH5F9bMlMiv8+GSPMeqg0dbaeo58/0SlA9sxSqZhnUtxzX9/2FzyhS9sWQf5S0GJE0AKBrFqjpeYcg==}
    engines: {node: '>=8.0.0'}
    dev: false

  /@prisma/client@5.18.0(prisma@5.18.0):
    resolution: {integrity: sha512-BWivkLh+af1kqC89zCJYkHsRcyWsM8/JHpsDMM76DjP3ZdEquJhXa4IeX+HkWPnwJ5FanxEJFZZDTWiDs/Kvyw==}
    engines: {node: '>=16.13'}
    requiresBuild: true
    peerDependencies:
      prisma: '*'
    peerDependenciesMeta:
      prisma:
        optional: true
    dependencies:
      prisma: 5.18.0
    dev: false

  /@prisma/debug@5.18.0:
    resolution: {integrity: sha512-f+ZvpTLidSo3LMJxQPVgAxdAjzv5OpzAo/eF8qZqbwvgi2F5cTOI9XCpdRzJYA0iGfajjwjOKKrVq64vkxEfUw==}

  /@prisma/engines-version@5.18.0-25.4c784e32044a8a016d99474bd02a3b6123742169:
    resolution: {integrity: sha512-a/+LpJj8vYU3nmtkg+N3X51ddbt35yYrRe8wqHTJtYQt7l1f8kjIBcCs6sHJvodW/EK5XGvboOiwm47fmNrbgg==}

  /@prisma/engines@5.18.0:
    resolution: {integrity: sha512-ofmpGLeJ2q2P0wa/XaEgTnX/IsLnvSp/gZts0zjgLNdBhfuj2lowOOPmDcfKljLQUXMvAek3lw5T01kHmCG8rg==}
    requiresBuild: true
    dependencies:
      '@prisma/debug': 5.18.0
      '@prisma/engines-version': 5.18.0-25.4c784e32044a8a016d99474bd02a3b6123742169
      '@prisma/fetch-engine': 5.18.0
      '@prisma/get-platform': 5.18.0

  /@prisma/fetch-engine@5.18.0:
    resolution: {integrity: sha512-I/3u0x2n31rGaAuBRx2YK4eB7R/1zCuayo2DGwSpGyrJWsZesrV7QVw7ND0/Suxeo/vLkJ5OwuBqHoCxvTHpOg==}
    dependencies:
      '@prisma/debug': 5.18.0
      '@prisma/engines-version': 5.18.0-25.4c784e32044a8a016d99474bd02a3b6123742169
      '@prisma/get-platform': 5.18.0

  /@prisma/get-platform@5.18.0:
    resolution: {integrity: sha512-Tk+m7+uhqcKDgnMnFN0lRiH7Ewea0OEsZZs9pqXa7i3+7svS3FSCqDBCaM9x5fmhhkufiG0BtunJVDka+46DlA==}
    dependencies:
      '@prisma/debug': 5.18.0

  /@tsconfig/node10@1.0.11:
    resolution: {integrity: sha512-DcRjDCujK/kCk/cUe8Xz8ZSpm8mS3mNNpta+jGCA6USEDfktlNvm1+IuZ9eTcDbNk41BHwpHHeW+N1lKCz4zOw==}
    dev: true

  /@tsconfig/node12@1.0.11:
    resolution: {integrity: sha512-cqefuRsh12pWyGsIoBKJA9luFu3mRxCA+ORZvA4ktLSzIuCUtWVxGIuXigEwO5/ywWFMZ2QEGKWvkZG1zDMTag==}
    dev: true

  /@tsconfig/node14@1.0.3:
    resolution: {integrity: sha512-ysT8mhdixWK6Hw3i1V2AeRqZ5WfXg1G43mqoYlM2nc6388Fq5jcXyr5mRsqViLx/GJYdoL0bfXD8nmF+Zn/Iow==}
    dev: true

  /@tsconfig/node16@1.0.4:
    resolution: {integrity: sha512-vxhUy4J8lyeyinH7Azl1pdd43GJhZH/tP2weN8TntQblOY+A0XbT8DJk1/oCPuOOyg/Ja757rG0CgHcWC8OfMA==}
    dev: true

  /@types/diff-match-patch@1.0.36:
    resolution: {integrity: sha512-xFdR6tkm0MWvBfO8xXCSsinYxHcqkQUlcHeSpMC2ukzOb6lwQAfDmW+Qt0AvlGd8HpsS28qKsB+oPeJn9I39jg==}
    dev: false

  /@types/estree@1.0.5:
    resolution: {integrity: sha512-/kYRxGDLWzHOB7q+wtSUQlFrtcdUccpfy+X+9iMBpHK8QLLhx2wIPYuS5DYtR9Wa/YlZAbIovy7qVdB1Aq6Lyw==}
    dev: false

  /@types/node@22.4.0:
    resolution: {integrity: sha512-49AbMDwYUz7EXxKU/r7mXOsxwFr4BYbvB7tWYxVuLdb2ibd30ijjXINSMAHiEEZk5PCRBmW1gUeisn2VMKt3cQ==}
    dependencies:
      undici-types: 6.19.6
    dev: true

  /@vue/compiler-core@3.4.38:
    resolution: {integrity: sha512-8IQOTCWnLFqfHzOGm9+P8OPSEDukgg3Huc92qSG49if/xI2SAwLHQO2qaPQbjCWPBcQoO1WYfXfTACUrWV3c5A==}
    dependencies:
      '@babel/parser': 7.25.3
      '@vue/shared': 3.4.38
      entities: 4.5.0
      estree-walker: 2.0.2
      source-map-js: 1.2.0
    dev: false

  /@vue/compiler-dom@3.4.38:
    resolution: {integrity: sha512-Osc/c7ABsHXTsETLgykcOwIxFktHfGSUDkb05V61rocEfsFDcjDLH/IHJSNJP+/Sv9KeN2Lx1V6McZzlSb9EhQ==}
    dependencies:
      '@vue/compiler-core': 3.4.38
      '@vue/shared': 3.4.38
    dev: false

  /@vue/compiler-sfc@3.4.38:
    resolution: {integrity: sha512-s5QfZ+9PzPh3T5H4hsQDJtI8x7zdJaew/dCGgqZ2630XdzaZ3AD8xGZfBqpT8oaD/p2eedd+pL8tD5vvt5ZYJQ==}
    dependencies:
      '@babel/parser': 7.25.3
      '@vue/compiler-core': 3.4.38
      '@vue/compiler-dom': 3.4.38
      '@vue/compiler-ssr': 3.4.38
      '@vue/shared': 3.4.38
      estree-walker: 2.0.2
      magic-string: 0.30.11
      postcss: 8.4.41
      source-map-js: 1.2.0
    dev: false

  /@vue/compiler-ssr@3.4.38:
    resolution: {integrity: sha512-YXznKFQ8dxYpAz9zLuVvfcXhc31FSPFDcqr0kyujbOwNhlmaNvL2QfIy+RZeJgSn5Fk54CWoEUeW+NVBAogGaw==}
    dependencies:
      '@vue/compiler-dom': 3.4.38
      '@vue/shared': 3.4.38
    dev: false

  /@vue/reactivity@3.4.38:
    resolution: {integrity: sha512-4vl4wMMVniLsSYYeldAKzbk72+D3hUnkw9z8lDeJacTxAkXeDAP1uE9xr2+aKIN0ipOL8EG2GPouVTH6yF7Gnw==}
    dependencies:
      '@vue/shared': 3.4.38
    dev: false

  /@vue/runtime-core@3.4.38:
    resolution: {integrity: sha512-21z3wA99EABtuf+O3IhdxP0iHgkBs1vuoCAsCKLVJPEjpVqvblwBnTj42vzHRlWDCyxu9ptDm7sI2ZMcWrQqlA==}
    dependencies:
      '@vue/reactivity': 3.4.38
      '@vue/shared': 3.4.38
    dev: false

  /@vue/runtime-dom@3.4.38:
    resolution: {integrity: sha512-afZzmUreU7vKwKsV17H1NDThEEmdYI+GCAK/KY1U957Ig2NATPVjCROv61R19fjZNzMmiU03n79OMnXyJVN0UA==}
    dependencies:
      '@vue/reactivity': 3.4.38
      '@vue/runtime-core': 3.4.38
      '@vue/shared': 3.4.38
      csstype: 3.1.3
    dev: false

  /@vue/server-renderer@3.4.38(vue@3.4.38):
    resolution: {integrity: sha512-NggOTr82FbPEkkUvBm4fTGcwUY8UuTsnWC/L2YZBmvaQ4C4Jl/Ao4HHTB+l7WnFCt5M/dN3l0XLuyjzswGYVCA==}
    peerDependencies:
      vue: 3.4.38
    dependencies:
      '@vue/compiler-ssr': 3.4.38
      '@vue/shared': 3.4.38
      vue: 3.4.38(typescript@5.5.4)
    dev: false

  /@vue/shared@3.4.38:
    resolution: {integrity: sha512-q0xCiLkuWWQLzVrecPb0RMsNWyxICOjPrcrwxTUEHb1fsnvni4dcuyG7RT/Ie7VPTvnjzIaWzRMUBsrqNj/hhw==}
    dev: false

  /acorn-walk@8.3.3:
    resolution: {integrity: sha512-MxXdReSRhGO7VlFe1bRG/oI7/mdLV9B9JJT0N8vZOhF7gFRR5l3M8W9G8JxmKV+JC5mGqJ0QvqfSOLsCPa4nUw==}
    engines: {node: '>=0.4.0'}
    dependencies:
      acorn: 8.12.1
    dev: true

  /acorn@8.12.1:
    resolution: {integrity: sha512-tcpGyI9zbizT9JbV6oYE477V6mTlXvvi0T0G3SNIYE2apm/G5huBa1+K89VGeovbg+jycCrfhl3ADxErOuO6Jg==}
    engines: {node: '>=0.4.0'}
    hasBin: true

  /ai@3.3.9(react@18.3.1)(svelte@4.2.18)(vue@3.4.38)(zod@3.23.8):
    resolution: {integrity: sha512-PS6xHzYIH+iVLG3xd/jwsqZW7+X8GrSrsJwVB4ACMbxhZN8KRs4yUcnGEDPcvRkEL3PqHHJFUo9iVysdZwOUwg==}
    engines: {node: '>=18'}
    peerDependencies:
      openai: ^4.42.0
      react: ^18 || ^19
      sswr: ^2.1.0
      svelte: ^3.0.0 || ^4.0.0
      zod: ^3.0.0
    peerDependenciesMeta:
      openai:
        optional: true
      react:
        optional: true
      sswr:
        optional: true
      svelte:
        optional: true
      zod:
        optional: true
    dependencies:
      '@ai-sdk/provider': 0.0.20
      '@ai-sdk/provider-utils': 1.0.13(zod@3.23.8)
      '@ai-sdk/react': 0.0.45(react@18.3.1)(zod@3.23.8)
      '@ai-sdk/solid': 0.0.36(zod@3.23.8)
      '@ai-sdk/svelte': 0.0.38(svelte@4.2.18)(zod@3.23.8)
      '@ai-sdk/ui-utils': 0.0.33(zod@3.23.8)
      '@ai-sdk/vue': 0.0.37(vue@3.4.38)(zod@3.23.8)
      '@opentelemetry/api': 1.9.0
      eventsource-parser: 1.1.2
      json-schema: 0.4.0
      jsondiffpatch: 0.6.0
      nanoid: 3.3.6
      react: 18.3.1
      secure-json-parse: 2.7.0
      svelte: 4.2.18
      zod: 3.23.8
      zod-to-json-schema: 3.22.5(zod@3.23.8)
    transitivePeerDependencies:
      - solid-js
      - vue
    dev: false

  /anymatch@3.1.3:
    resolution: {integrity: sha512-KMReFUr0B4t+D+OBkjR3KYqvocp2XaSzO55UcB6mgQMd3KbcE+mWTyvVV7D/zsdEbNnV6acZUutkiHQXvTr1Rw==}
    engines: {node: '>= 8'}
    dependencies:
      normalize-path: 3.0.0
      picomatch: 2.3.1
    dev: true

  /arg@4.1.3:
    resolution: {integrity: sha512-58S9QDqG0Xx27YwPSt9fJxivjYl432YCwfDMfZ+71RAqUrZef7LrKQZ3LHLOwCS4FLNBplP533Zx895SeOCHvA==}
    dev: true

  /aria-query@5.3.0:
    resolution: {integrity: sha512-b0P0sZPKtyu8HkeRAfCq0IfURZK+SuwMjY1UXGBU27wpAiTwQAIlq56IbIO+ytk/JjS1fMR14ee5WBBfKi5J6A==}
    dependencies:
      dequal: 2.0.3
    dev: false

  /array-union@2.1.0:
    resolution: {integrity: sha512-HGyxoOTYUyCM6stUe6EJgnd4EoewAI7zMdfqO+kGjnlZmBDz/cR5pf8r/cR4Wq60sL/p0IkcjUEEPwS3GFrIyw==}
    engines: {node: '>=8'}
    dev: true

  /axobject-query@4.1.0:
    resolution: {integrity: sha512-qIj0G9wZbMGNLjLmg1PT6v2mE9AH2zlnADJD/2tC6E00hgmhUOfEB6greHPAfLRSufHqROIUTkw6E+M3lH0PTQ==}
    engines: {node: '>= 0.4'}
    dev: false

  /binary-extensions@2.3.0:
    resolution: {integrity: sha512-Ceh+7ox5qe7LJuLHoY0feh3pHuUDHAcRUeyL2VYghZwfpkNIy/+8Ocg0a3UuSoYzavmylwuLWQOf3hl0jjMMIw==}
    engines: {node: '>=8'}
    dev: true

  /braces@3.0.3:
    resolution: {integrity: sha512-yQbXgO/OSZVD2IsiLlro+7Hf6Q18EJrKSEsdoMzKePKXct3gvD8oLcOQdIzGupr5Fj+EDe8gO/lxc1BzfMpxvA==}
    engines: {node: '>=8'}
    dependencies:
      fill-range: 7.1.1
    dev: true

  /chalk@5.3.0:
    resolution: {integrity: sha512-dLitG79d+GV1Nb/VYcCDFivJeK1hiukt9QjRNVOsUtTy1rR1YJsmpGGTZ3qJos+uw7WmWF4wUwBd9jxjocFC2w==}
    engines: {node: ^12.17.0 || ^14.13 || >=16.0.0}
    dev: false

  /chokidar@3.6.0:
    resolution: {integrity: sha512-7VT13fmjotKpGipCW9JEQAusEPE+Ei8nl6/g4FBAmIm0GOOLMua9NDDo/DWp0ZAxCr3cPq5ZpBqmPAQgDda2Pw==}
    engines: {node: '>= 8.10.0'}
    dependencies:
      anymatch: 3.1.3
      braces: 3.0.3
      glob-parent: 5.1.2
      is-binary-path: 2.1.0
      is-glob: 4.0.3
      normalize-path: 3.0.0
      readdirp: 3.6.0
    optionalDependencies:
      fsevents: 2.3.3
    dev: true

  /client-only@0.0.1:
    resolution: {integrity: sha512-IV3Ou0jSMzZrd3pZ48nLkT9DA7Ag1pnPzaiQhpW7c3RbcqqzvzzVu+L8gfqMp/8IM2MQtSiqaCxrrcfu8I8rMA==}
    dev: false

  /code-red@1.0.4:
    resolution: {integrity: sha512-7qJWqItLA8/VPVlKJlFXU+NBlo/qyfs39aJcuMT/2ere32ZqvF5OSxgdM5xOfJJ7O429gg2HM47y8v9P+9wrNw==}
    dependencies:
      '@jridgewell/sourcemap-codec': 1.5.0
      '@types/estree': 1.0.5
      acorn: 8.12.1
      estree-walker: 3.0.3
      periscopic: 3.1.0
    dev: false

  /commander@9.5.0:
    resolution: {integrity: sha512-KRs7WVDKg86PWiuAqhDrAQnTXZKraVcCc6vFdL14qrZ/DcWwuRo7VoiYXalXO7S5GKpqYiVEwCbgFDfxNHKJBQ==}
    engines: {node: ^12.20.0 || >=14}
    dev: true

  /create-require@1.1.1:
    resolution: {integrity: sha512-dcKFX3jn0MpIaXjisoRvexIJVEKzaq7z2rZKxf+MSr9TkdmHmsU4m2lcLojrj/FHl8mk5VxMmYA+ftRkP/3oKQ==}
    dev: true

  /css-tree@2.3.1:
    resolution: {integrity: sha512-6Fv1DV/TYw//QF5IzQdqsNDjx/wc8TrMBZsqjL9eW01tWb7R7k/mq+/VXfJCl7SoD5emsJop9cOByJZfs8hYIw==}
    engines: {node: ^10 || ^12.20.0 || ^14.13.0 || >=15.0.0}
    dependencies:
      mdn-data: 2.0.30
      source-map-js: 1.2.0
    dev: false

  /csstype@3.1.3:
    resolution: {integrity: sha512-M1uQkMl8rQK/szD0LNhtqxIPLpimGm8sOBwU7lLnCpSbTyY3yeU1Vc7l4KT5zT4s/yOxHH5O7tIuuLOCnLADRw==}
    dev: false

  /dequal@2.0.3:
    resolution: {integrity: sha512-0je+qPKHEMohvfRTCEo3CrPG6cAzAYgmzKyxRiYSSDkS6eGJdyVJm7WaYA5ECaAD9wLB2T4EEeymA5aFVcYXCA==}
    engines: {node: '>=6'}
    dev: false

  /diff-match-patch@1.0.5:
    resolution: {integrity: sha512-IayShXAgj/QMXgB0IWmKx+rOPuGMhqm5w6jvFxmVenXKIzRqTAAsbBPT3kWQeGANj3jGgvcvv4yK6SxqYmikgw==}
    dev: false

  /diff@4.0.2:
    resolution: {integrity: sha512-58lmxKSA4BNyLz+HHMUzlOEpg09FV+ev6ZMe3vJihgdxzgcwZ8VoEEPmALCZG9LmqfVoNMMKpttIYTVG6uDY7A==}
    engines: {node: '>=0.3.1'}
    dev: true

  /dir-glob@3.0.1:
    resolution: {integrity: sha512-WkrWp9GR4KXfKGYzOLmTuGVi1UWFfws377n9cc55/tb6DuqyF6pcQ5AbiHEshaDpY9v6oaSr2XCDidGmMwdzIA==}
    engines: {node: '>=8'}
    dependencies:
      path-type: 4.0.0
    dev: true

  /entities@4.5.0:
    resolution: {integrity: sha512-V0hjH4dGPh9Ao5p0MoRY6BVqtwCjhz6vI5LT8AJ55H+4g9/4vbHx1I54fS0XuclLhDHArPQCiMjDxjaL8fPxhw==}
    engines: {node: '>=0.12'}
    dev: false

  /estree-walker@2.0.2:
    resolution: {integrity: sha512-Rfkk/Mp/DL7JVje3u18FxFujQlTNR2q6QfMSMB7AvCBx91NGj/ba3kCfza0f6dVDbw7YlRf/nDrn7pQrCCyQ/w==}
    dev: false

  /estree-walker@3.0.3:
    resolution: {integrity: sha512-7RUKfXgSMMkzt6ZuXmqapOurLGPPfgj6l9uRZ7lRGolvk0y2yocc35LdcxKC5PQZdn2DMqioAQ2NoWcrTKmm6g==}
    dependencies:
      '@types/estree': 1.0.5
    dev: false

  /eventsource-parser@1.1.2:
    resolution: {integrity: sha512-v0eOBUbiaFojBu2s2NPBfYUoRR9GjcDNvCXVaqEf5vVfpIAh9f8RCo4vXTP8c63QRKCFwoLpMpTdPwwhEKVgzA==}
    engines: {node: '>=14.18'}
    dev: false

  /fast-glob@3.3.2:
    resolution: {integrity: sha512-oX2ruAFQwf/Orj8m737Y5adxDQO0LAB7/S5MnxCdTNDd4p6BsyIVsv9JQsATbTSq8KHRpLwIHbVlUNatxd+1Ow==}
    engines: {node: '>=8.6.0'}
    dependencies:
      '@nodelib/fs.stat': 2.0.5
      '@nodelib/fs.walk': 1.2.8
      glob-parent: 5.1.2
      merge2: 1.4.1
      micromatch: 4.0.8
    dev: true

  /fastq@1.17.1:
    resolution: {integrity: sha512-sRVD3lWVIXWg6By68ZN7vho9a1pQcN/WBFaAAsDDFzlJjvoGx0P8z7V1t72grFJfJhu3YPZBuu25f7Kaw2jN1w==}
    dependencies:
      reusify: 1.0.4
    dev: true

  /fill-range@7.1.1:
    resolution: {integrity: sha512-YsGpe3WHLK8ZYi4tWDg2Jy3ebRz2rXowDxnld4bkQB00cc/1Zw9AWnC0i9ztDJitivtQvaI9KaLyKrc+hBW0yg==}
    engines: {node: '>=8'}
    dependencies:
      to-regex-range: 5.0.1
    dev: true

  /fsevents@2.3.3:
    resolution: {integrity: sha512-5xoDfX+fL7faATnagmWPpbFtwh/R77WmMMqqHGS65C3vvB0YHrgF+B1YmZ3441tMj5n63k0212XNoJwzlhffQw==}
    engines: {node: ^8.16.0 || ^10.6.0 || >=11.0.0}
    os: [darwin]
    requiresBuild: true
    dev: true
    optional: true

  /glob-parent@5.1.2:
    resolution: {integrity: sha512-AOIgSQCepiJYwP3ARnGx+5VnTu2HBYdzbGP45eLw1vr3zB3vZLeyed1sC9hnbcOc9/SrMyM5RPQrkGz4aS9Zow==}
    engines: {node: '>= 6'}
    dependencies:
      is-glob: 4.0.3
    dev: true

  /globby@11.1.0:
    resolution: {integrity: sha512-jhIXaOzy1sb8IyocaruWSn1TjmnBVs8Ayhcy83rmxNJ8q2uWKCAj3CnJY+KpGSXCueAPc0i05kVvVKtP1t9S3g==}
    engines: {node: '>=10'}
    dependencies:
      array-union: 2.1.0
      dir-glob: 3.0.1
      fast-glob: 3.3.2
      ignore: 5.3.2
      merge2: 1.4.1
      slash: 3.0.0
    dev: true

  /ignore@5.3.2:
    resolution: {integrity: sha512-hsBTNUqQTDwkWtcdYI2i06Y/nUBEsNEDJKjWdigLvegy8kDuJAS8uRlpkkcQpyEXL0Z/pjDy5HBmMjRCJ2gq+g==}
    engines: {node: '>= 4'}
    dev: true

  /is-binary-path@2.1.0:
    resolution: {integrity: sha512-ZMERYes6pDydyuGidse7OsHxtbI7WVeUEozgR/g7rd0xUimYNlvZRE/K2MgZTjWy725IfelLeVcEM97mmtRGXw==}
    engines: {node: '>=8'}
    dependencies:
      binary-extensions: 2.3.0
    dev: true

  /is-extglob@2.1.1:
    resolution: {integrity: sha512-SbKbANkN603Vi4jEZv49LeVJMn4yGwsbzZworEoyEiutsN3nJYdbO36zfhGJ6QEDpOZIFkDtnq5JRxmvl3jsoQ==}
    engines: {node: '>=0.10.0'}
    dev: true

  /is-glob@4.0.3:
    resolution: {integrity: sha512-xelSayHH36ZgE7ZWhli7pW34hNbNl8Ojv5KVmkJD4hBdD3th8Tfk9vYasLM+mXWOZhFkgZfxhLSnrwRr4elSSg==}
    engines: {node: '>=0.10.0'}
    dependencies:
      is-extglob: 2.1.1
    dev: true

  /is-number@7.0.0:
    resolution: {integrity: sha512-41Cifkg6e8TylSpdtTpeLVMqvSBEVzTttHvERD741+pnZ8ANv0004MRL43QKPDlK9cGvNp6NZWZUBlbGXYxxng==}
    engines: {node: '>=0.12.0'}
    dev: true

  /is-reference@3.0.2:
    resolution: {integrity: sha512-v3rht/LgVcsdZa3O2Nqs+NMowLOxeOm7Ay9+/ARQ2F+qEoANRcqrjAZKGN0v8ymUetZGgkp26LTnGT7H0Qo9Pg==}
    dependencies:
      '@types/estree': 1.0.5
    dev: false

  /js-tokens@4.0.0:
    resolution: {integrity: sha512-RdJUflcE3cUzKiMqQgsCu06FPu9UdIJO0beYbPhHN4k6apgJtifcoCtT9bcxOpYBtpD2kCM6Sbzg4CausW/PKQ==}
    dev: false

  /json-schema@0.4.0:
    resolution: {integrity: sha512-es94M3nTIfsEPisRafak+HDLfHXnKBhV3vU5eqPcS3flIWqcxJWgXHXiey3YrpaNsanY5ei1VoYEbOzijuq9BA==}
    dev: false

  /jsondiffpatch@0.6.0:
    resolution: {integrity: sha512-3QItJOXp2AP1uv7waBkao5nCvhEv+QmJAd38Ybq7wNI74Q+BBmnLn4EDKz6yI9xGAIQoUF87qHt+kc1IVxB4zQ==}
    engines: {node: ^18.0.0 || >=20.0.0}
    hasBin: true
    dependencies:
      '@types/diff-match-patch': 1.0.36
      chalk: 5.3.0
      diff-match-patch: 1.0.5
    dev: false

  /locate-character@3.0.0:
    resolution: {integrity: sha512-SW13ws7BjaeJ6p7Q6CO2nchbYEc3X3J6WrmTTDto7yMPqVSZTUyY5Tjbid+Ab8gLnATtygYtiDIJGQRRn2ZOiA==}
    dev: false

  /loose-envify@1.4.0:
    resolution: {integrity: sha512-lyuxPGr/Wfhrlem2CL/UcnUc1zcqKAImBDzukY7Y5F/yQiNdko6+fRLevlw1HgMySw7f611UIY408EtxRSoK3Q==}
    hasBin: true
    dependencies:
      js-tokens: 4.0.0
    dev: false

  /magic-string@0.30.11:
    resolution: {integrity: sha512-+Wri9p0QHMy+545hKww7YAu5NyzF8iomPL/RQazugQ9+Ez4Ic3mERMd8ZTX5rfK944j+560ZJi8iAwgak1Ac7A==}
    dependencies:
      '@jridgewell/sourcemap-codec': 1.5.0
    dev: false

  /make-error@1.3.6:
    resolution: {integrity: sha512-s8UhlNe7vPKomQhC1qFelMokr/Sc3AgNbso3n74mVPA5LTZwkB9NlXf4XPamLxJE8h0gh73rM94xvwRT2CVInw==}
    dev: true

  /mdn-data@2.0.30:
    resolution: {integrity: sha512-GaqWWShW4kv/G9IEucWScBx9G1/vsFZZJUO+tD26M8J8z3Kw5RDQjaoZe03YAClgeS/SWPOcb4nkFBTEi5DUEA==}
    dev: false

  /merge2@1.4.1:
    resolution: {integrity: sha512-8q7VEgMJW4J8tcfVPy8g09NcQwZdbwFEqhe/WZkoIzjn/3TGDwtOCYtXGxA3O8tPzpczCCDgv+P2P5y00ZJOOg==}
    engines: {node: '>= 8'}
    dev: true

  /micromatch@4.0.8:
    resolution: {integrity: sha512-PXwfBhYu0hBCPw8Dn0E+WDYb7af3dSLVWKi3HGv84IdF4TyFoC0ysxFd0Goxw7nSv4T/PzEJQxsYsEiFCKo2BA==}
    engines: {node: '>=8.6'}
    dependencies:
      braces: 3.0.3
      picomatch: 2.3.1
    dev: true

  /mylas@2.1.13:
    resolution: {integrity: sha512-+MrqnJRtxdF+xngFfUUkIMQrUUL0KsxbADUkn23Z/4ibGg192Q+z+CQyiYwvWTsYjJygmMR8+w3ZDa98Zh6ESg==}
    engines: {node: '>=12.0.0'}
    dev: true

  /nanoid@3.3.6:
    resolution: {integrity: sha512-BGcqMMJuToF7i1rt+2PWSNVnWIkGCU78jBG3RxO/bZlnZPK2Cmi2QaffxGO/2RvWi9sL+FAiRiXMgsyxQ1DIDA==}
    engines: {node: ^10 || ^12 || ^13.7 || ^14 || >=15.0.1}
    hasBin: true
    dev: false

  /nanoid@3.3.7:
    resolution: {integrity: sha512-eSRppjcPIatRIMC1U6UngP8XFcz8MQWGQdt1MTBQ7NaAmvXDfvNxbvWV3x2y6CdEUciCSsDHDQZbhYaB8QEo2g==}
    engines: {node: ^10 || ^12 || ^13.7 || ^14 || >=15.0.1}
    hasBin: true
    dev: false

  /normalize-path@3.0.0:
    resolution: {integrity: sha512-6eZs5Ls3WtCisHWp9S2GUy8dqkpGi4BVSz3GaqiE6ezub0512ESztXUwUB6C6IKbQkY2Pnb/mD4WYojCRwcwLA==}
    engines: {node: '>=0.10.0'}
    dev: true

  /path-type@4.0.0:
    resolution: {integrity: sha512-gDKb8aZMDeD/tZWs9P6+q0J9Mwkdl6xMV8TjnGP3qJVJ06bdMgkbBlLU8IdfOsIsFz2BW1rNVT3XuNEl8zPAvw==}
    engines: {node: '>=8'}
    dev: true

  /periscopic@3.1.0:
    resolution: {integrity: sha512-vKiQ8RRtkl9P+r/+oefh25C3fhybptkHKCZSPlcXiJux2tJF55GnEj3BVn4A5gKfq9NWWXXrxkHBwVPUfH0opw==}
    dependencies:
      '@types/estree': 1.0.5
      estree-walker: 3.0.3
      is-reference: 3.0.2
    dev: false

  /picocolors@1.0.1:
    resolution: {integrity: sha512-anP1Z8qwhkbmu7MFP5iTt+wQKXgwzf7zTyGlcdzabySa9vd0Xt392U0rVmz9poOaBj0uHJKyyo9/upk0HrEQew==}
    dev: false

  /picomatch@2.3.1:
    resolution: {integrity: sha512-JU3teHTNjmE2VCGFzuY8EXzCDVwEqB2a8fsIvwaStHhAWJEeVd1o1QD80CU6+ZdEXXSLbSsuLwJjkCBWqRQUVA==}
    engines: {node: '>=8.6'}
    dev: true

  /plimit-lit@1.6.1:
    resolution: {integrity: sha512-B7+VDyb8Tl6oMJT9oSO2CW8XC/T4UcJGrwOVoNGwOQsQYhlpfajmrMj5xeejqaASq3V/EqThyOeATEOMuSEXiA==}
    engines: {node: '>=12'}
    dependencies:
      queue-lit: 1.5.2
    dev: true

  /postcss@8.4.41:
    resolution: {integrity: sha512-TesUflQ0WKZqAvg52PWL6kHgLKP6xB6heTOdoYM0Wt2UHyxNa4K25EZZMgKns3BH1RLVbZCREPpLY0rhnNoHVQ==}
    engines: {node: ^10 || ^12 || >=14}
    dependencies:
      nanoid: 3.3.7
      picocolors: 1.0.1
      source-map-js: 1.2.0
    dev: false

  /prisma@5.18.0:
    resolution: {integrity: sha512-+TrSIxZsh64OPOmaSgVPH7ALL9dfU0jceYaMJXsNrTkFHO7/3RANi5K2ZiPB1De9+KDxCWn7jvRq8y8pvk+o9g==}
    engines: {node: '>=16.13'}
    hasBin: true
    requiresBuild: true
    dependencies:
      '@prisma/engines': 5.18.0

  /queue-lit@1.5.2:
    resolution: {integrity: sha512-tLc36IOPeMAubu8BkW8YDBV+WyIgKlYU7zUNs0J5Vk9skSZ4JfGlPOqplP0aHdfv7HL0B2Pg6nwiq60Qc6M2Hw==}
    engines: {node: '>=12'}
    dev: true

  /queue-microtask@1.2.3:
    resolution: {integrity: sha512-NuaNSa6flKT5JaSYQzJok04JzTL1CA6aGhv5rfLW3PgqA+M2ChpZQnAC8h8i4ZFkBS8X5RqkDBHA7r4hej3K9A==}
    dev: true

  /react@18.3.1:
    resolution: {integrity: sha512-wS+hAgJShR0KhEvPJArfuPVN1+Hz1t0Y6n5jLrGQbkb4urgPE/0Rve+1kMB1v/oWgHgm4WIcV+i7F2pTVj+2iQ==}
    engines: {node: '>=0.10.0'}
    dependencies:
      loose-envify: 1.4.0
    dev: false

  /readdirp@3.6.0:
    resolution: {integrity: sha512-hOS089on8RduqdbhvQ5Z37A0ESjsqz6qnRcffsMU3495FuTdqSm+7bhJ29JvIOsBDEEnan5DPu9t3To9VRlMzA==}
    engines: {node: '>=8.10.0'}
    dependencies:
      picomatch: 2.3.1
    dev: true

  /reusify@1.0.4:
    resolution: {integrity: sha512-U9nH88a3fc/ekCF1l0/UP1IosiuIjyTh7hBvXVMHYgVcfGvt897Xguj2UOLDeI5BG2m7/uwyaLVT6fbtCwTyzw==}
    engines: {iojs: '>=1.0.0', node: '>=0.10.0'}
    dev: true

  /run-parallel@1.2.0:
    resolution: {integrity: sha512-5l4VyZR86LZ/lDxZTR6jqL8AFE2S0IFLMP26AbjsLVADxHdhB/c0GUsH+y39UfCi3dzz8OlQuPmnaJOMoDHQBA==}
    dependencies:
      queue-microtask: 1.2.3
    dev: true

  /secure-json-parse@2.7.0:
    resolution: {integrity: sha512-6aU+Rwsezw7VR8/nyvKTx8QpWH9FrcYiXXlqC4z5d5XQBDRqtbfsRjnwGyqbi3gddNtWHuEk9OANUotL26qKUw==}
    dev: false

  /slash@3.0.0:
    resolution: {integrity: sha512-g9Q1haeby36OSStwb4ntCGGGaKsaVSjQ68fBxoQcutl5fS1vuY18H3wSt3jFyFtrkx+Kz0V1G85A4MyAdDMi2Q==}
    engines: {node: '>=8'}
    dev: true

  /source-map-js@1.2.0:
    resolution: {integrity: sha512-itJW8lvSA0TXEphiRoawsCksnlf8SyvmFzIhltqAHluXd88pkCd+cXJVHTDwdCr0IzwptSm035IHQktUu1QUMg==}
    engines: {node: '>=0.10.0'}
    dev: false

  /sswr@2.1.0(svelte@4.2.18):
    resolution: {integrity: sha512-Cqc355SYlTAaUt8iDPaC/4DPPXK925PePLMxyBKuWd5kKc5mwsG3nT9+Mq2tyguL5s7b4Jg+IRMpTRsNTAfpSQ==}
    peerDependencies:
      svelte: ^4.0.0 || ^5.0.0-next.0
    dependencies:
      svelte: 4.2.18
      swrev: 4.0.0
    dev: false

  /svelte@4.2.18:
    resolution: {integrity: sha512-d0FdzYIiAePqRJEb90WlJDkjUEx42xhivxN8muUBmfZnP+tzUgz12DJ2hRJi8sIHCME7jeK1PTMgKPSfTd8JrA==}
    engines: {node: '>=16'}
    dependencies:
      '@ampproject/remapping': 2.3.0
      '@jridgewell/sourcemap-codec': 1.5.0
      '@jridgewell/trace-mapping': 0.3.25
      '@types/estree': 1.0.5
      acorn: 8.12.1
      aria-query: 5.3.0
      axobject-query: 4.1.0
      code-red: 1.0.4
      css-tree: 2.3.1
      estree-walker: 3.0.3
      is-reference: 3.0.2
      locate-character: 3.0.0
      magic-string: 0.30.11
      periscopic: 3.1.0
    dev: false

  /swr@2.2.5(react@18.3.1):
    resolution: {integrity: sha512-QtxqyclFeAsxEUeZIYmsaQ0UjimSq1RZ9Un7I68/0ClKK/U3LoyQunwkQfJZr2fc22DfIXLNDc2wFyTEikCUpg==}
    peerDependencies:
      react: ^16.11.0 || ^17.0.0 || ^18.0.0
    dependencies:
      client-only: 0.0.1
      react: 18.3.1
      use-sync-external-store: 1.2.2(react@18.3.1)
    dev: false

  /swrev@4.0.0:
    resolution: {integrity: sha512-LqVcOHSB4cPGgitD1riJ1Hh4vdmITOp+BkmfmXRh4hSF/t7EnS4iD+SOTmq7w5pPm/SiPeto4ADbKS6dHUDWFA==}
    dev: false

  /swrv@1.0.4(vue@3.4.38):
    resolution: {integrity: sha512-zjEkcP8Ywmj+xOJW3lIT65ciY/4AL4e/Or7Gj0MzU3zBJNMdJiT8geVZhINavnlHRMMCcJLHhraLTAiDOTmQ9g==}
    peerDependencies:
      vue: '>=3.2.26 < 4'
    dependencies:
      vue: 3.4.38(typescript@5.5.4)
    dev: false

  /terminal-i2@1.0.2-beta:
    resolution: {integrity: sha512-7UapafwrV6ip/LUyViWX82TvNuGts2v7rGmTLgO6SIF7wEe6cC+Fy15XA+EsTsB+V2EWv8zuY9Ac6LYzUyg+rw==}
    dependencies:
      chalk: 5.3.0
    dev: false

  /to-fast-properties@2.0.0:
    resolution: {integrity: sha512-/OaKK0xYrs3DmxRYqL/yDc+FxFUVYhDlXMhRmv3z915w2HF1tnN1omB354j8VUGO/hbRzyD6Y3sA7v7GS/ceog==}
    engines: {node: '>=4'}
    dev: false

  /to-regex-range@5.0.1:
    resolution: {integrity: sha512-65P7iz6X5yEr1cwcgvQxbbIw7Uk3gOy5dIdtZ4rDveLqhrdJP+Li/Hx6tyK0NEb+2GCyneCMJiGqrADCSNk8sQ==}
    engines: {node: '>=8.0'}
    dependencies:
      is-number: 7.0.0
    dev: true

  /ts-node@10.9.2(@types/node@22.4.0)(typescript@5.5.4):
    resolution: {integrity: sha512-f0FFpIdcHgn8zcPSbf1dRevwt047YMnaiJM3u2w2RewrB+fob/zePZcrOyQoLMMO7aBIddLcQIEK5dYjkLnGrQ==}
    hasBin: true
    peerDependencies:
      '@swc/core': '>=1.2.50'
      '@swc/wasm': '>=1.2.50'
      '@types/node': '*'
      typescript: '>=2.7'
    peerDependenciesMeta:
      '@swc/core':
        optional: true
      '@swc/wasm':
        optional: true
    dependencies:
      '@cspotcode/source-map-support': 0.8.1
      '@tsconfig/node10': 1.0.11
      '@tsconfig/node12': 1.0.11
      '@tsconfig/node14': 1.0.3
      '@tsconfig/node16': 1.0.4
      '@types/node': 22.4.0
      acorn: 8.12.1
      acorn-walk: 8.3.3
      arg: 4.1.3
      create-require: 1.1.1
      diff: 4.0.2
      make-error: 1.3.6
      typescript: 5.5.4
      v8-compile-cache-lib: 3.0.1
      yn: 3.1.1
    dev: true

  /tsc-alias@1.8.10:
    resolution: {integrity: sha512-Ibv4KAWfFkFdKJxnWfVtdOmB0Zi1RJVxcbPGiCDsFpCQSsmpWyuzHG3rQyI5YkobWwxFPEyQfu1hdo4qLG2zPw==}
    hasBin: true
    dependencies:
      chokidar: 3.6.0
      commander: 9.5.0
      globby: 11.1.0
      mylas: 2.1.13
      normalize-path: 3.0.0
      plimit-lit: 1.6.1
    dev: true

  /typescript@5.5.4:
    resolution: {integrity: sha512-Mtq29sKDAEYP7aljRgtPOpTvOfbwRWlS6dPRzwjdE+C0R4brX/GUyhHSecbHMFLNBLcJIPt9nl9yG5TZ1weH+Q==}
    engines: {node: '>=14.17'}
    hasBin: true

  /undici-types@6.19.6:
    resolution: {integrity: sha512-e/vggGopEfTKSvj4ihnOLTsqhrKRN3LeO6qSN/GxohhuRv8qH9bNQ4B8W7e/vFL+0XTnmHPB4/kegunZGA4Org==}
    dev: true

  /use-sync-external-store@1.2.2(react@18.3.1):
    resolution: {integrity: sha512-PElTlVMwpblvbNqQ82d2n6RjStvdSoNe9FG28kNfz3WiXilJm4DdNkEzRhCZuIDwY8U08WVihhGR5iRqAwfDiw==}
    peerDependencies:
      react: ^16.8.0 || ^17.0.0 || ^18.0.0
    dependencies:
      react: 18.3.1
    dev: false

  /v8-compile-cache-lib@3.0.1:
    resolution: {integrity: sha512-wa7YjyUGfNZngI/vtK0UHAN+lgDCxBPCylVXGp0zu59Fz5aiGtNXaq3DhIov063MorB+VfufLh3JlF2KdTK3xg==}
    dev: true

  /vue@3.4.38(typescript@5.5.4):
    resolution: {integrity: sha512-f0ZgN+mZ5KFgVv9wz0f4OgVKukoXtS3nwET4c2vLBGQR50aI8G0cqbFtLlX9Yiyg3LFGBitruPHt2PxwTduJEw==}
    peerDependencies:
      typescript: '*'
    peerDependenciesMeta:
      typescript:
        optional: true
    dependencies:
      '@vue/compiler-dom': 3.4.38
      '@vue/compiler-sfc': 3.4.38
      '@vue/runtime-dom': 3.4.38
      '@vue/server-renderer': 3.4.38(vue@3.4.38)
      '@vue/shared': 3.4.38
      typescript: 5.5.4
    dev: false

  /yn@3.1.1:
    resolution: {integrity: sha512-Ux4ygGWsu2c7isFWe8Yu1YluJmqVhxqK2cLXNQA5AcC3QfbGNpM7fu0Y8b/z16pXLnFxZYvWhd3fhBY9DLmC6Q==}
    engines: {node: '>=6'}
    dev: true

  /zod-to-json-schema@3.22.5(zod@3.23.8):
    resolution: {integrity: sha512-+akaPo6a0zpVCCseDed504KBJUQpEW5QZw7RMneNmKw+fGaML1Z9tUNLnHHAC8x6dzVRO1eB2oEMyZRnuBZg7Q==}
    peerDependencies:
      zod: ^3.22.4
    dependencies:
      zod: 3.23.8
    dev: false

  /zod@3.23.8:
    resolution: {integrity: sha512-XBx9AXhXktjUqnepgTiE5flcKIYWi/rme0Eaj+5Y0lftuGBq+jyRu/md4WnuxqgP1ubdpNCsYEYPxrzVHD8d6g==}
    dev: false
